// !$*UTF8*$!
{
	archiveVersion = 1;
	classes = {
	};
	objectVersion = 56;
	objects = {

/* Begin PBXBuildFile section */
		2AEE6C34296BD84800403B7C /* IOS_Demo_appApp.swift in Sources */ = {isa = PBXBuildFile; fileRef = 2AEE6C33296BD84800403B7C /* IOS_Demo_appApp.swift */; };
		2AEE6C36296BD84800403B7C /* ContentView.swift in Sources */ = {isa = PBXBuildFile; fileRef = 2AEE6C35296BD84800403B7C /* ContentView.swift */; };
		2AEE6C38296BD84A00403B7C /* Assets.xcassets in Resources */ = {isa = PBXBuildFile; fileRef = 2AEE6C37296BD84A00403B7C /* Assets.xcassets */; };
		2AEE6C3C296BD84A00403B7C /* Preview Assets.xcassets in Resources */ = {isa = PBXBuildFile; fileRef = 2AEE6C3B296BD84A00403B7C /* Preview Assets.xcassets */; };
		2AEE6C46296BD84A00403B7C /* IOS_Demo_appTests.swift in Sources */ = {isa = PBXBuildFile; fileRef = 2AEE6C45296BD84A00403B7C /* IOS_Demo_appTests.swift */; };
		2AEE6C50296BD84A00403B7C /* IOS_Demo_appUITests.swift in Sources */ = {isa = PBXBuildFile; fileRef = 2AEE6C4F296BD84A00403B7C /* IOS_Demo_appUITests.swift */; };
		2AEE6C52296BD84A00403B7C /* IOS_Demo_appUITestsLaunchTests.swift in Sources */ = {isa = PBXBuildFile; fileRef = 2AEE6C51296BD84A00403B7C /* IOS_Demo_appUITestsLaunchTests.swift */; };
/* End PBXBuildFile section */

/* Begin PBXContainerItemProxy section */
		2AEE6C42296BD84A00403B7C /* PBXContainerItemProxy */ = {
			isa = PBXContainerItemProxy;
			containerPortal = 2AEE6C28296BD84800403B7C /* Project object */;
			proxyType = 1;
			remoteGlobalIDString = 2AEE6C2F296BD84800403B7C;
			remoteInfo = "IOS-Demo app";
		};
		2AEE6C4C296BD84A00403B7C /* PBXContainerItemProxy */ = {
			isa = PBXContainerItemProxy;
			containerPortal = 2AEE6C28296BD84800403B7C /* Project object */;
			proxyType = 1;
			remoteGlobalIDString = 2AEE6C2F296BD84800403B7C;
			remoteInfo = "IOS-Demo app";
		};
/* End PBXContainerItemProxy section */

/* Begin PBXFileReference section */
		2AEE6C30296BD84800403B7C /* IOS-Demo app.app */ = {isa = PBXFileReference; explicitFileType = wrapper.application; includeInIndex = 0; path = "IOS-Demo app.app"; sourceTree = BUILT_PRODUCTS_DIR; };
		2AEE6C33296BD84800403B7C /* IOS_Demo_appApp.swift */ = {isa = PBXFileReference; lastKnownFileType = sourcecode.swift; path = IOS_Demo_appApp.swift; sourceTree = "<group>"; };
		2AEE6C35296BD84800403B7C /* ContentView.swift */ = {isa = PBXFileReference; lastKnownFileType = sourcecode.swift; path = ContentView.swift; sourceTree = "<group>"; };
		2AEE6C37296BD84A00403B7C /* Assets.xcassets */ = {isa = PBXFileReference; lastKnownFileType = folder.assetcatalog; path = Assets.xcassets; sourceTree = "<group>"; };
		2AEE6C39296BD84A00403B7C /* IOS_Demo_app.entitlements */ = {isa = PBXFileReference; lastKnownFileType = text.plist.entitlements; path = IOS_Demo_app.entitlements; sourceTree = "<group>"; };
		2AEE6C3B296BD84A00403B7C /* Preview Assets.xcassets */ = {isa = PBXFileReference; lastKnownFileType = folder.assetcatalog; path = "Preview Assets.xcassets"; sourceTree = "<group>"; };
		2AEE6C41296BD84A00403B7C /* IOS-Demo appTests.xctest */ = {isa = PBXFileReference; explicitFileType = wrapper.cfbundle; includeInIndex = 0; path = "IOS-Demo appTests.xctest"; sourceTree = BUILT_PRODUCTS_DIR; };
		2AEE6C45296BD84A00403B7C /* IOS_Demo_appTests.swift */ = {isa = PBXFileReference; lastKnownFileType = sourcecode.swift; path = IOS_Demo_appTests.swift; sourceTree = "<group>"; };
		2AEE6C4B296BD84A00403B7C /* IOS-Demo appUITests.xctest */ = {isa = PBXFileReference; explicitFileType = wrapper.cfbundle; includeInIndex = 0; path = "IOS-Demo appUITests.xctest"; sourceTree = BUILT_PRODUCTS_DIR; };
		2AEE6C4F296BD84A00403B7C /* IOS_Demo_appUITests.swift */ = {isa = PBXFileReference; lastKnownFileType = sourcecode.swift; path = IOS_Demo_appUITests.swift; sourceTree = "<group>"; };
		2AEE6C51296BD84A00403B7C /* IOS_Demo_appUITestsLaunchTests.swift */ = {isa = PBXFileReference; lastKnownFileType = sourcecode.swift; path = IOS_Demo_appUITestsLaunchTests.swift; sourceTree = "<group>"; };
/* End PBXFileReference section */

/* Begin PBXFrameworksBuildPhase section */
		2AEE6C2D296BD84800403B7C /* Frameworks */ = {
			isa = PBXFrameworksBuildPhase;
			buildActionMask = 2147483647;
			files = (
			);
			runOnlyForDeploymentPostprocessing = 0;
		};
		2AEE6C3E296BD84A00403B7C /* Frameworks */ = {
			isa = PBXFrameworksBuildPhase;
			buildActionMask = 2147483647;
			files = (
			);
			runOnlyForDeploymentPostprocessing = 0;
		};
		2AEE6C48296BD84A00403B7C /* Frameworks */ = {
			isa = PBXFrameworksBuildPhase;
			buildActionMask = 2147483647;
			files = (
			);
			runOnlyForDeploymentPostprocessing = 0;
		};
/* End PBXFrameworksBuildPhase section */

/* Begin PBXGroup section */
		2AEE6C27296BD84800403B7C = {
			isa = PBXGroup;
			children = (
				2AEE6C32296BD84800403B7C /* IOS-Demo app */,
				2AEE6C44296BD84A00403B7C /* IOS-Demo appTests */,
				2AEE6C4E296BD84A00403B7C /* IOS-Demo appUITests */,
				2AEE6C31296BD84800403B7C /* Products */,
			);
			sourceTree = "<group>";
		};
		2AEE6C31296BD84800403B7C /* Products */ = {
			isa = PBXGroup;
			children = (
				2AEE6C30296BD84800403B7C /* IOS-Demo app.app */,
				2AEE6C41296BD84A00403B7C /* IOS-Demo appTests.xctest */,
				2AEE6C4B296BD84A00403B7C /* IOS-Demo appUITests.xctest */,
			);
			name = Products;
			sourceTree = "<group>";
		};
		2AEE6C32296BD84800403B7C /* IOS-Demo app */ = {
			isa = PBXGroup;
			children = (
				2AEE6C33296BD84800403B7C /* IOS_Demo_appApp.swift */,
				2AEE6C35296BD84800403B7C /* ContentView.swift */,
				2AEE6C37296BD84A00403B7C /* Assets.xcassets */,
				2AEE6C39296BD84A00403B7C /* IOS_Demo_app.entitlements */,
				2AEE6C3A296BD84A00403B7C /* Preview Content */,
			);
			path = "IOS-Demo app";
			sourceTree = "<group>";
		};
		2AEE6C3A296BD84A00403B7C /* Preview Content */ = {
			isa = PBXGroup;
			children = (
				2AEE6C3B296BD84A00403B7C /* Preview Assets.xcassets */,
			);
			path = "Preview Content";
			sourceTree = "<group>";
		};
		2AEE6C44296BD84A00403B7C /* IOS-Demo appTests */ = {
			isa = PBXGroup;
			children = (
				2AEE6C45296BD84A00403B7C /* IOS_Demo_appTests.swift */,
			);
			path = "IOS-Demo appTests";
			sourceTree = "<group>";
		};
		2AEE6C4E296BD84A00403B7C /* IOS-Demo appUITests */ = {
			isa = PBXGroup;
			children = (
				2AEE6C4F296BD84A00403B7C /* IOS_Demo_appUITests.swift */,
				2AEE6C51296BD84A00403B7C /* IOS_Demo_appUITestsLaunchTests.swift */,
			);
			path = "IOS-Demo appUITests";
			sourceTree = "<group>";
		};
/* End PBXGroup section */

/* Begin PBXNativeTarget section */
		2AEE6C2F296BD84800403B7C /* IOS-Demo app */ = {
			isa = PBXNativeTarget;
			buildConfigurationList = 2AEE6C55296BD84A00403B7C /* Build configuration list for PBXNativeTarget "IOS-Demo app" */;
			buildPhases = (
				2AEE6C2C296BD84800403B7C /* Sources */,
				2AEE6C2D296BD84800403B7C /* Frameworks */,
				2AEE6C2E296BD84800403B7C /* Resources */,
			);
			buildRules = (
			);
			dependencies = (
			);
			name = "IOS-Demo app";
			productName = "IOS-Demo app";
			productReference = 2AEE6C30296BD84800403B7C /* IOS-Demo app.app */;
			productType = "com.apple.product-type.application";
		};
		2AEE6C40296BD84A00403B7C /* IOS-Demo appTests */ = {
			isa = PBXNativeTarget;
			buildConfigurationList = 2AEE6C58296BD84A00403B7C /* Build configuration list for PBXNativeTarget "IOS-Demo appTests" */;
			buildPhases = (
				2AEE6C3D296BD84A00403B7C /* Sources */,
				2AEE6C3E296BD84A00403B7C /* Frameworks */,
				2AEE6C3F296BD84A00403B7C /* Resources */,
			);
			buildRules = (
			);
			dependencies = (
				2AEE6C43296BD84A00403B7C /* PBXTargetDependency */,
			);
			name = "IOS-Demo appTests";
			productName = "IOS-Demo appTests";
			productReference = 2AEE6C41296BD84A00403B7C /* IOS-Demo appTests.xctest */;
			productType = "com.apple.product-type.bundle.unit-test";
		};
		2AEE6C4A296BD84A00403B7C /* IOS-Demo appUITests */ = {
			isa = PBXNativeTarget;
			buildConfigurationList = 2AEE6C5B296BD84A00403B7C /* Build configuration list for PBXNativeTarget "IOS-Demo appUITests" */;
			buildPhases = (
				2AEE6C47296BD84A00403B7C /* Sources */,
				2AEE6C48296BD84A00403B7C /* Frameworks */,
				2AEE6C49296BD84A00403B7C /* Resources */,
			);
			buildRules = (
			);
			dependencies = (
				2AEE6C4D296BD84A00403B7C /* PBXTargetDependency */,
			);
			name = "IOS-Demo appUITests";
			productName = "IOS-Demo appUITests";
			productReference = 2AEE6C4B296BD84A00403B7C /* IOS-Demo appUITests.xctest */;
			productType = "com.apple.product-type.bundle.ui-testing";
		};
/* End PBXNativeTarget section */

/* Begin PBXProject section */
		2AEE6C28296BD84800403B7C /* Project object */ = {
			isa = PBXProject;
			attributes = {
				BuildIndependentTargetsInParallel = 1;
				LastSwiftUpdateCheck = 1420;
				LastUpgradeCheck = 1420;
				TargetAttributes = {
					2AEE6C2F296BD84800403B7C = {
						CreatedOnToolsVersion = 14.2;
					};
					2AEE6C40296BD84A00403B7C = {
						CreatedOnToolsVersion = 14.2;
						TestTargetID = 2AEE6C2F296BD84800403B7C;
					};
					2AEE6C4A296BD84A00403B7C = {
						CreatedOnToolsVersion = 14.2;
						TestTargetID = 2AEE6C2F296BD84800403B7C;
					};
				};
			};
			buildConfigurationList = 2AEE6C2B296BD84800403B7C /* Build configuration list for PBXProject "IOS-Demo app" */;
			compatibilityVersion = "Xcode 14.0";
			developmentRegion = en;
			hasScannedForEncodings = 0;
			knownRegions = (
				en,
				Base,
			);
			mainGroup = 2AEE6C27296BD84800403B7C;
			productRefGroup = 2AEE6C31296BD84800403B7C /* Products */;
			projectDirPath = "";
			projectRoot = "";
			targets = (
				2AEE6C2F296BD84800403B7C /* IOS-Demo app */,
				2AEE6C40296BD84A00403B7C /* IOS-Demo appTests */,
				2AEE6C4A296BD84A00403B7C /* IOS-Demo appUITests */,
			);
		};
/* End PBXProject section */

/* Begin PBXResourcesBuildPhase section */
		2AEE6C2E296BD84800403B7C /* Resources */ = {
			isa = PBXResourcesBuildPhase;
			buildActionMask = 2147483647;
			files = (
				2AEE6C3C296BD84A00403B7C /* Preview Assets.xcassets in Resources */,
				2AEE6C38296BD84A00403B7C /* Assets.xcassets in Resources */,
			);
			runOnlyForDeploymentPostprocessing = 0;
		};
		2AEE6C3F296BD84A00403B7C /* Resources */ = {
			isa = PBXResourcesBuildPhase;
			buildActionMask = 2147483647;
			files = (
			);
			runOnlyForDeploymentPostprocessing = 0;
		};
		2AEE6C49296BD84A00403B7C /* Resources */ = {
			isa = PBXResourcesBuildPhase;
			buildActionMask = 2147483647;
			files = (
			);
			runOnlyForDeploymentPostprocessing = 0;
		};
/* End PBXResourcesBuildPhase section */

/* Begin PBXSourcesBuildPhase section */
		2AEE6C2C296BD84800403B7C /* Sources */ = {
			isa = PBXSourcesBuildPhase;
			buildActionMask = 2147483647;
			files = (
				2AEE6C36296BD84800403B7C /* ContentView.swift in Sources */,
				2AEE6C34296BD84800403B7C /* IOS_Demo_appApp.swift in Sources */,
			);
			runOnlyForDeploymentPostprocessing = 0;
		};
		2AEE6C3D296BD84A00403B7C /* Sources */ = {
			isa = PBXSourcesBuildPhase;
			buildActionMask = 2147483647;
			files = (
				2AEE6C46296BD84A00403B7C /* IOS_Demo_appTests.swift in Sources */,
			);
			runOnlyForDeploymentPostprocessing = 0;
		};
		2AEE6C47296BD84A00403B7C /* Sources */ = {
			isa = PBXSourcesBuildPhase;
			buildActionMask = 2147483647;
			files = (
				2AEE6C50296BD84A00403B7C /* IOS_Demo_appUITests.swift in Sources */,
				2AEE6C52296BD84A00403B7C /* IOS_Demo_appUITestsLaunchTests.swift in Sources */,
			);
			runOnlyForDeploymentPostprocessing = 0;
		};
/* End PBXSourcesBuildPhase section */

/* Begin PBXTargetDependency section */
		2AEE6C43296BD84A00403B7C /* PBXTargetDependency */ = {
			isa = PBXTargetDependency;
			target = 2AEE6C2F296BD84800403B7C /* IOS-Demo app */;
			targetProxy = 2AEE6C42296BD84A00403B7C /* PBXContainerItemProxy */;
		};
		2AEE6C4D296BD84A00403B7C /* PBXTargetDependency */ = {
			isa = PBXTargetDependency;
			target = 2AEE6C2F296BD84800403B7C /* IOS-Demo app */;
			targetProxy = 2AEE6C4C296BD84A00403B7C /* PBXContainerItemProxy */;
		};
/* End PBXTargetDependency section */

/* Begin XCBuildConfiguration section */
		2AEE6C53296BD84A00403B7C /* Debug */ = {
			isa = XCBuildConfiguration;
			buildSettings = {
				ALWAYS_SEARCH_USER_PATHS = NO;
				CLANG_ANALYZER_NONNULL = YES;
				CLANG_ANALYZER_NUMBER_OBJECT_CONVERSION = YES_AGGRESSIVE;
				CLANG_CXX_LANGUAGE_STANDARD = "gnu++20";
				CLANG_ENABLE_MODULES = YES;
				CLANG_ENABLE_OBJC_ARC = YES;
				CLANG_ENABLE_OBJC_WEAK = YES;
				CLANG_WARN_BLOCK_CAPTURE_AUTORELEASING = YES;
				CLANG_WARN_BOOL_CONVERSION = YES;
				CLANG_WARN_COMMA = YES;
				CLANG_WARN_CONSTANT_CONVERSION = YES;
				CLANG_WARN_DEPRECATED_OBJC_IMPLEMENTATIONS = YES;
				CLANG_WARN_DIRECT_OBJC_ISA_USAGE = YES_ERROR;
				CLANG_WARN_DOCUMENTATION_COMMENTS = YES;
				CLANG_WARN_EMPTY_BODY = YES;
				CLANG_WARN_ENUM_CONVERSION = YES;
				CLANG_WARN_INFINITE_RECURSION = YES;
				CLANG_WARN_INT_CONVERSION = YES;
				CLANG_WARN_NON_LITERAL_NULL_CONVERSION = YES;
				CLANG_WARN_OBJC_IMPLICIT_RETAIN_SELF = YES;
				CLANG_WARN_OBJC_LITERAL_CONVERSION = YES;
				CLANG_WARN_OBJC_ROOT_CLASS = YES_ERROR;
				CLANG_WARN_QUOTED_INCLUDE_IN_FRAMEWORK_HEADER = YES;
				CLANG_WARN_RANGE_LOOP_ANALYSIS = YES;
				CLANG_WARN_STRICT_PROTOTYPES = YES;
				CLANG_WARN_SUSPICIOUS_MOVE = YES;
				CLANG_WARN_UNGUARDED_AVAILABILITY = YES_AGGRESSIVE;
				CLANG_WARN_UNREACHABLE_CODE = YES;
				CLANG_WARN__DUPLICATE_METHOD_MATCH = YES;
				COPY_PHASE_STRIP = NO;
				DEBUG_INFORMATION_FORMAT = dwarf;
				ENABLE_STRICT_OBJC_MSGSEND = YES;
				ENABLE_TESTABILITY = YES;
				GCC_C_LANGUAGE_STANDARD = gnu11;
				GCC_DYNAMIC_NO_PIC = NO;
				GCC_NO_COMMON_BLOCKS = YES;
				GCC_OPTIMIZATION_LEVEL = 0;
				GCC_PREPROCESSOR_DEFINITIONS = (
					"DEBUG=1",
					"$(inherited)",
				);
				GCC_WARN_64_TO_32_BIT_CONVERSION = YES;
				GCC_WARN_ABOUT_RETURN_TYPE = YES_ERROR;
				GCC_WARN_UNDECLARED_SELECTOR = YES;
				GCC_WARN_UNINITIALIZED_AUTOS = YES_AGGRESSIVE;
				GCC_WARN_UNUSED_FUNCTION = YES;
				GCC_WARN_UNUSED_VARIABLE = YES;
				MTL_ENABLE_DEBUG_INFO = INCLUDE_SOURCE;
				MTL_FAST_MATH = YES;
				ONLY_ACTIVE_ARCH = YES;
				SWIFT_ACTIVE_COMPILATION_CONDITIONS = DEBUG;
				SWIFT_OPTIMIZATION_LEVEL = "-Onone";
			};
			name = Debug;
		};
		2AEE6C54296BD84A00403B7C /* Release */ = {
			isa = XCBuildConfiguration;
			buildSettings = {
				ALWAYS_SEARCH_USER_PATHS = NO;
				CLANG_ANALYZER_NONNULL = YES;
				CLANG_ANALYZER_NUMBER_OBJECT_CONVERSION = YES_AGGRESSIVE;
				CLANG_CXX_LANGUAGE_STANDARD = "gnu++20";
				CLANG_ENABLE_MODULES = YES;
				CLANG_ENABLE_OBJC_ARC = YES;
				CLANG_ENABLE_OBJC_WEAK = YES;
				CLANG_WARN_BLOCK_CAPTURE_AUTORELEASING = YES;
				CLANG_WARN_BOOL_CONVERSION = YES;
				CLANG_WARN_COMMA = YES;
				CLANG_WARN_CONSTANT_CONVERSION = YES;
				CLANG_WARN_DEPRECATED_OBJC_IMPLEMENTATIONS = YES;
				CLANG_WARN_DIRECT_OBJC_ISA_USAGE = YES_ERROR;
				CLANG_WARN_DOCUMENTATION_COMMENTS = YES;
				CLANG_WARN_EMPTY_BODY = YES;
				CLANG_WARN_ENUM_CONVERSION = YES;
				CLANG_WARN_INFINITE_RECURSION = YES;
				CLANG_WARN_INT_CONVERSION = YES;
				CLANG_WARN_NON_LITERAL_NULL_CONVERSION = YES;
				CLANG_WARN_OBJC_IMPLICIT_RETAIN_SELF = YES;
				CLANG_WARN_OBJC_LITERAL_CONVERSION = YES;
				CLANG_WARN_OBJC_ROOT_CLASS = YES_ERROR;
				CLANG_WARN_QUOTED_INCLUDE_IN_FRAMEWORK_HEADER = YES;
				CLANG_WARN_RANGE_LOOP_ANALYSIS = YES;
				CLANG_WARN_STRICT_PROTOTYPES = YES;
				CLANG_WARN_SUSPICIOUS_MOVE = YES;
				CLANG_WARN_UNGUARDED_AVAILABILITY = YES_AGGRESSIVE;
				CLANG_WARN_UNREACHABLE_CODE = YES;
				CLANG_WARN__DUPLICATE_METHOD_MATCH = YES;
				COPY_PHASE_STRIP = NO;
				DEBUG_INFORMATION_FORMAT = "dwarf-with-dsym";
				ENABLE_NS_ASSERTIONS = NO;
				ENABLE_STRICT_OBJC_MSGSEND = YES;
				GCC_C_LANGUAGE_STANDARD = gnu11;
				GCC_NO_COMMON_BLOCKS = YES;
				GCC_WARN_64_TO_32_BIT_CONVERSION = YES;
				GCC_WARN_ABOUT_RETURN_TYPE = YES_ERROR;
				GCC_WARN_UNDECLARED_SELECTOR = YES;
				GCC_WARN_UNINITIALIZED_AUTOS = YES_AGGRESSIVE;
				GCC_WARN_UNUSED_FUNCTION = YES;
				GCC_WARN_UNUSED_VARIABLE = YES;
				MTL_ENABLE_DEBUG_INFO = NO;
				MTL_FAST_MATH = YES;
				SWIFT_COMPILATION_MODE = wholemodule;
				SWIFT_OPTIMIZATION_LEVEL = "-O";
			};
			name = Release;
		};
		2AEE6C56296BD84A00403B7C /* Debug */ = {
			isa = XCBuildConfiguration;
			buildSettings = {
				ASSETCATALOG_COMPILER_APPICON_NAME = AppIcon;
				ASSETCATALOG_COMPILER_GLOBAL_ACCENT_COLOR_NAME = AccentColor;
				CODE_SIGN_ENTITLEMENTS = "IOS-Demo app/IOS_Demo_app.entitlements";
				CODE_SIGN_STYLE = Automatic;
				CURRENT_PROJECT_VERSION = 1;
				DEVELOPMENT_ASSET_PATHS = "\"IOS-Demo app/Preview Content\"";
				ENABLE_PREVIEWS = YES;
				GENERATE_INFOPLIST_FILE = YES;
				"INFOPLIST_KEY_UIApplicationSceneManifest_Generation[sdk=iphoneos*]" = YES;
				"INFOPLIST_KEY_UIApplicationSceneManifest_Generation[sdk=iphonesimulator*]" = YES;
				"INFOPLIST_KEY_UIApplicationSupportsIndirectInputEvents[sdk=iphoneos*]" = YES;
				"INFOPLIST_KEY_UIApplicationSupportsIndirectInputEvents[sdk=iphonesimulator*]" = YES;
				"INFOPLIST_KEY_UILaunchScreen_Generation[sdk=iphoneos*]" = YES;
				"INFOPLIST_KEY_UILaunchScreen_Generation[sdk=iphonesimulator*]" = YES;
				"INFOPLIST_KEY_UIStatusBarStyle[sdk=iphoneos*]" = UIStatusBarStyleDefault;
				"INFOPLIST_KEY_UIStatusBarStyle[sdk=iphonesimulator*]" = UIStatusBarStyleDefault;
				INFOPLIST_KEY_UISupportedInterfaceOrientations_iPad = "UIInterfaceOrientationPortrait UIInterfaceOrientationPortraitUpsideDown UIInterfaceOrientationLandscapeLeft UIInterfaceOrientationLandscapeRight";
				INFOPLIST_KEY_UISupportedInterfaceOrientations_iPhone = "UIInterfaceOrientationPortrait UIInterfaceOrientationLandscapeLeft UIInterfaceOrientationLandscapeRight";
				IPHONEOS_DEPLOYMENT_TARGET = 16.2;
				LD_RUNPATH_SEARCH_PATHS = "@executable_path/Frameworks";
				"LD_RUNPATH_SEARCH_PATHS[sdk=macosx*]" = "@executable_path/../Frameworks";
				MACOSX_DEPLOYMENT_TARGET = 12.6;
				MARKETING_VERSION = 1.0;
				PRODUCT_BUNDLE_IDENTIFIER = "Zomato.IOS-Demo-app";
				PRODUCT_NAME = "$(TARGET_NAME)";
				SDKROOT = auto;
				SUPPORTED_PLATFORMS = "iphoneos iphonesimulator macosx";
				SWIFT_EMIT_LOC_STRINGS = YES;
				SWIFT_VERSION = 5.0;
				TARGETED_DEVICE_FAMILY = "1,2";
			};
			name = Debug;
		};
		2AEE6C57296BD84A00403B7C /* Release */ = {
			isa = XCBuildConfiguration;
			buildSettings = {
				ASSETCATALOG_COMPILER_APPICON_NAME = AppIcon;
				ASSETCATALOG_COMPILER_GLOBAL_ACCENT_COLOR_NAME = AccentColor;
				CODE_SIGN_ENTITLEMENTS = "IOS-Demo app/IOS_Demo_app.entitlements";
				CODE_SIGN_STYLE = Automatic;
				CURRENT_PROJECT_VERSION = 1;
				DEVELOPMENT_ASSET_PATHS = "\"IOS-Demo app/Preview Content\"";
				ENABLE_PREVIEWS = YES;
				GENERATE_INFOPLIST_FILE = YES;
				"INFOPLIST_KEY_UIApplicationSceneManifest_Generation[sdk=iphoneos*]" = YES;
				"INFOPLIST_KEY_UIApplicationSceneManifest_Generation[sdk=iphonesimulator*]" = YES;
				"INFOPLIST_KEY_UIApplicationSupportsIndirectInputEvents[sdk=iphoneos*]" = YES;
				"INFOPLIST_KEY_UIApplicationSupportsIndirectInputEvents[sdk=iphonesimulator*]" = YES;
				"INFOPLIST_KEY_UILaunchScreen_Generation[sdk=iphoneos*]" = YES;
				"INFOPLIST_KEY_UILaunchScreen_Generation[sdk=iphonesimulator*]" = YES;
				"INFOPLIST_KEY_UIStatusBarStyle[sdk=iphoneos*]" = UIStatusBarStyleDefault;
				"INFOPLIST_KEY_UIStatusBarStyle[sdk=iphonesimulator*]" = UIStatusBarStyleDefault;
				INFOPLIST_KEY_UISupportedInterfaceOrientations_iPad = "UIInterfaceOrientationPortrait UIInterfaceOrientationPortraitUpsideDown UIInterfaceOrientationLandscapeLeft UIInterfaceOrientationLandscapeRight";
				INFOPLIST_KEY_UISupportedInterfaceOrientations_iPhone = "UIInterfaceOrientationPortrait UIInterfaceOrientationLandscapeLeft UIInterfaceOrientationLandscapeRight";
				IPHONEOS_DEPLOYMENT_TARGET = 16.2;
				LD_RUNPATH_SEARCH_PATHS = "@executable_path/Frameworks";
				"LD_RUNPATH_SEARCH_PATHS[sdk=macosx*]" = "@executable_path/../Frameworks";
				MACOSX_DEPLOYMENT_TARGET = 12.6;
				MARKETING_VERSION = 1.0;
				PRODUCT_BUNDLE_IDENTIFIER = "Zomato.IOS-Demo-app";
				PRODUCT_NAME = "$(TARGET_NAME)";
				SDKROOT = auto;
				SUPPORTED_PLATFORMS = "iphoneos iphonesimulator macosx";
				SWIFT_EMIT_LOC_STRINGS = YES;
				SWIFT_VERSION = 5.0;
				TARGETED_DEVICE_FAMILY = "1,2";
			};
			name = Release;
		};
		2AEE6C59296BD84A00403B7C /* Debug */ = {
			isa = XCBuildConfiguration;
			buildSettings = {
				ALWAYS_EMBED_SWIFT_STANDARD_LIBRARIES = YES;
				BUNDLE_LOADER = "$(TEST_HOST)";
				CODE_SIGN_STYLE = Automatic;
				CURRENT_PROJECT_VERSION = 1;
				GENERATE_INFOPLIST_FILE = YES;
				IPHONEOS_DEPLOYMENT_TARGET = 16.2;
				MACOSX_DEPLOYMENT_TARGET = 12.6;
				MARKETING_VERSION = 1.0;
				PRODUCT_BUNDLE_IDENTIFIER = "Zomato.IOS-Demo-appTests";
				PRODUCT_NAME = "$(TARGET_NAME)";
				SDKROOT = auto;
				SUPPORTED_PLATFORMS = "iphoneos iphonesimulator macosx";
				SWIFT_EMIT_LOC_STRINGS = NO;
				SWIFT_VERSION = 5.0;
				TARGETED_DEVICE_FAMILY = "1,2";
				TEST_HOST = "$(BUILT_PRODUCTS_DIR)/IOS-Demo app.app/$(BUNDLE_EXECUTABLE_FOLDER_PATH)/IOS-Demo app";
			};
			name = Debug;
		};
		2AEE6C5A296BD84A00403B7C /* Release */ = {
			isa = XCBuildConfiguration;
			buildSettings = {
				ALWAYS_EMBED_SWIFT_STANDARD_LIBRARIES = YES;
				BUNDLE_LOADER = "$(TEST_HOST)";
				CODE_SIGN_STYLE = Automatic;
				CURRENT_PROJECT_VERSION = 1;
				GENERATE_INFOPLIST_FILE = YES;
				IPHONEOS_DEPLOYMENT_TARGET = 16.2;
				MACOSX_DEPLOYMENT_TARGET = 12.6;
				MARKETING_VERSION = 1.0;
				PRODUCT_BUNDLE_IDENTIFIER = "Zomato.IOS-Demo-appTests";
				PRODUCT_NAME = "$(TARGET_NAME)";
				SDKROOT = auto;
				SUPPORTED_PLATFORMS = "iphoneos iphonesimulator macosx";
				SWIFT_EMIT_LOC_STRINGS = NO;
				SWIFT_VERSION = 5.0;
				TARGETED_DEVICE_FAMILY = "1,2";
				TEST_HOST = "$(BUILT_PRODUCTS_DIR)/IOS-Demo app.app/$(BUNDLE_EXECUTABLE_FOLDER_PATH)/IOS-Demo app";
			};
			name = Release;
		};
		2AEE6C5C296BD84A00403B7C /* Debug */ = {
			isa = XCBuildConfiguration;
			buildSettings = {
				ALWAYS_EMBED_SWIFT_STANDARD_LIBRARIES = YES;
				CODE_SIGN_STYLE = Automatic;
				CURRENT_PROJECT_VERSION = 1;
				GENERATE_INFOPLIST_FILE = YES;
				IPHONEOS_DEPLOYMENT_TARGET = 16.2;
				MACOSX_DEPLOYMENT_TARGET = 12.6;
				MARKETING_VERSION = 1.0;
				PRODUCT_BUNDLE_IDENTIFIER = "Zomato.IOS-Demo-appUITests";
				PRODUCT_NAME = "$(TARGET_NAME)";
				SDKROOT = auto;
				SUPPORTED_PLATFORMS = "iphoneos iphonesimulator macosx";
				SWIFT_EMIT_LOC_STRINGS = NO;
				SWIFT_VERSION = 5.0;
				TARGETED_DEVICE_FAMILY = "1,2";
				TEST_TARGET_NAME = "IOS-Demo app";
			};
			name = Debug;
		};
		2AEE6C5D296BD84A00403B7C /* Release */ = {
			isa = XCBuildConfiguration;
			buildSettings = {
				ALWAYS_EMBED_SWIFT_STANDARD_LIBRARIES = YES;
				CODE_SIGN_STYLE = Automatic;
				CURRENT_PROJECT_VERSION = 1;
				GENERATE_INFOPLIST_FILE = YES;
				IPHONEOS_DEPLOYMENT_TARGET = 16.2;
				MACOSX_DEPLOYMENT_TARGET = 12.6;
				MARKETING_VERSION = 1.0;
				PRODUCT_BUNDLE_IDENTIFIER = "Zomato.IOS-Demo-appUITests";
				PRODUCT_NAME = "$(TARGET_NAME)";
				SDKROOT = auto;
				SUPPORTED_PLATFORMS = "iphoneos iphonesimulator macosx";
				SWIFT_EMIT_LOC_STRINGS = NO;
				SWIFT_VERSION = 5.0;
				TARGETED_DEVICE_FAMILY = "1,2";
				TEST_TARGET_NAME = "IOS-Demo app";
			};
			name = Release;
		};
/* End XCBuildConfiguration section */

/* Begin XCConfigurationList section */
		2AEE6C2B296BD84800403B7C /* Build configuration list for PBXProject "IOS-Demo app" */ = {
			isa = XCConfigurationList;
			buildConfigurations = (
				2AEE6C53296BD84A00403B7C /* Debug */,
				2AEE6C54296BD84A00403B7C /* Release */,
			);
			defaultConfigurationIsVisible = 0;
			defaultConfigurationName = Release;
		};
		2AEE6C55296BD84A00403B7C /* Build configuration list for PBXNativeTarget "IOS-Demo app" */ = {
			isa = XCConfigurationList;
			buildConfigurations = (
				2AEE6C56296BD84A00403B7C /* Debug */,
				2AEE6C57296BD84A00403B7C /* Release */,
			);
			defaultConfigurationIsVisible = 0;
			defaultConfigurationName = Release;
		};
		2AEE6C58296BD84A00403B7C /* Build configuration list for PBXNativeTarget "IOS-Demo appTests" */ = {
			isa = XCConfigurationList;
			buildConfigurations = (
				2AEE6C59296BD84A00403B7C /* Debug */,
				2AEE6C5A296BD84A00403B7C /* Release */,
			);
			defaultConfigurationIsVisible = 0;
			defaultConfigurationName = Release;
		};
		2AEE6C5B296BD84A00403B7C /* Build configuration list for PBXNativeTarget "IOS-Demo appUITests" */ = {
			isa = XCConfigurationList;
			buildConfigurations = (
				2AEE6C5C296BD84A00403B7C /* Debug */,
				2AEE6C5D296BD84A00403B7C /* Release */,
			);
			defaultConfigurationIsVisible = 0;
			defaultConfigurationName = Release;
		};
/* End XCConfigurationList section */
	};
	rootObject = 2AEE6C28296BD84800403B7C /* Project object */;
}
